<Solution>
  <Folder Name="/.build/">
    <File Path="Directory.Build.props" />
    <File Path="Directory.Packages.props" />
    <File Path="Munters-Back-End-Developer-Exam.md" />
  </Folder>
  <Project Path="Munters.Giphy.Tests/Munters.Giphy.Tests.csproj" />
  <Project Path="Munters.Giphy/Munters.Giphy.csproj" />
  <Project Path="Munters.Host.Api/Munters.Host.Api.csproj" />
</Solution>
